// !$*UTF8*$!
{
	archiveVersion = 1;
	classes = {
	};
	objectVersion = 46;
	objects = {

/* Begin PBXBuildFile section */
		389F8F661AD1B7B600DB0C61 /* main.m in Sources */ = {isa = PBXBuildFile; fileRef = 389F8F651AD1B7B600DB0C61 /* main.m */; };
		389F8F691AD1B7B600DB0C61 /* AppDelegate.m in Sources */ = {isa = PBXBuildFile; fileRef = 389F8F681AD1B7B600DB0C61 /* AppDelegate.m */; };
		389F8F6C1AD1B7B600DB0C61 /* DCZTableViewController.m in Sources */ = {isa = PBXBuildFile; fileRef = 389F8F6B1AD1B7B600DB0C61 /* DCZTableViewController.m */; };
		389F8F6F1AD1B7B600DB0C61 /* Main.storyboard in Resources */ = {isa = PBXBuildFile; fileRef = 389F8F6D1AD1B7B600DB0C61 /* Main.storyboard */; };
		389F8F711AD1B7B600DB0C61 /* Images.xcassets in Resources */ = {isa = PBXBuildFile; fileRef = 389F8F701AD1B7B600DB0C61 /* Images.xcassets */; };
		389F8F741AD1B7B600DB0C61 /* LaunchScreen.xib in Resources */ = {isa = PBXBuildFile; fileRef = 389F8F721AD1B7B600DB0C61 /* LaunchScreen.xib */; };
		389F8F801AD1B7B600DB0C61 /* DCZTableViewWebBrowserTests.m in Sources */ = {isa = PBXBuildFile; fileRef = 389F8F7F1AD1B7B600DB0C61 /* DCZTableViewWebBrowserTests.m */; };
		389F8F8B1AD1B86A00DB0C61 /* DCZDataModel.m in Sources */ = {isa = PBXBuildFile; fileRef = 389F8F8A1AD1B86A00DB0C61 /* DCZDataModel.m */; };
		389F8F8E1AD1BAC200DB0C61 /* DCZPageCollection.m in Sources */ = {isa = PBXBuildFile; fileRef = 389F8F8D1AD1BAC200DB0C61 /* DCZPageCollection.m */; };
		389F8F911AD1BBCA00DB0C61 /* DCZURLViewController.m in Sources */ = {isa = PBXBuildFile; fileRef = 389F8F901AD1BBCA00DB0C61 /* DCZURLViewController.m */; };
/* End PBXBuildFile section */

/* Begin PBXContainerItemProxy section */
		389F8F7A1AD1B7B600DB0C61 /* PBXContainerItemProxy */ = {
			isa = PBXContainerItemProxy;
			containerPortal = 389F8F581AD1B7B600DB0C61 /* Project object */;
			proxyType = 1;
			remoteGlobalIDString = 389F8F5F1AD1B7B600DB0C61;
			remoteInfo = DCZTableViewWebBrowser;
		};
/* End PBXContainerItemProxy section */

/* Begin PBXFileReference section */
		389F8F601AD1B7B600DB0C61 /* DCZTableViewWebBrowser.app */ = {isa = PBXFileReference; explicitFileType = wrapper.application; includeInIndex = 0; path = DCZTableViewWebBrowser.app; sourceTree = BUILT_PRODUCTS_DIR; };
		389F8F641AD1B7B600DB0C61 /* Info.plist */ = {isa = PBXFileReference; lastKnownFileType = text.plist.xml; path = Info.plist; sourceTree = "<group>"; };
		389F8F651AD1B7B600DB0C61 /* main.m */ = {isa = PBXFileReference; lastKnownFileType = sourcecode.c.objc; path = main.m; sourceTree = "<group>"; };
		389F8F671AD1B7B600DB0C61 /* AppDelegate.h */ = {isa = PBXFileReference; lastKnownFileType = sourcecode.c.h; path = AppDelegate.h; sourceTree = "<group>"; };
		389F8F681AD1B7B600DB0C61 /* AppDelegate.m */ = {isa = PBXFileReference; lastKnownFileType = sourcecode.c.objc; path = AppDelegate.m; sourceTree = "<group>"; };
		389F8F6A1AD1B7B600DB0C61 /* DCZTableViewController.h */ = {isa = PBXFileReference; lastKnownFileType = sourcecode.c.h; path = DCZTableViewController.h; sourceTree = "<group>"; };
		389F8F6B1AD1B7B600DB0C61 /* DCZTableViewController.m */ = {isa = PBXFileReference; lastKnownFileType = sourcecode.c.objc; path = DCZTableViewController.m; sourceTree = "<group>"; };
		389F8F6E1AD1B7B600DB0C61 /* Base */ = {isa = PBXFileReference; lastKnownFileType = file.storyboard; name = Base; path = Base.lproj/Main.storyboard; sourceTree = "<group>"; };
		389F8F701AD1B7B600DB0C61 /* Images.xcassets */ = {isa = PBXFileReference; lastKnownFileType = folder.assetcatalog; path = Images.xcassets; sourceTree = "<group>"; };
		389F8F731AD1B7B600DB0C61 /* Base */ = {isa = PBXFileReference; lastKnownFileType = file.xib; name = Base; path = Base.lproj/LaunchScreen.xib; sourceTree = "<group>"; };
		389F8F791AD1B7B600DB0C61 /* DCZTableViewWebBrowserTests.xctest */ = {isa = PBXFileReference; explicitFileType = wrapper.cfbundle; includeInIndex = 0; path = DCZTableViewWebBrowserTests.xctest; sourceTree = BUILT_PRODUCTS_DIR; };
		389F8F7E1AD1B7B600DB0C61 /* Info.plist */ = {isa = PBXFileReference; lastKnownFileType = text.plist.xml; path = Info.plist; sourceTree = "<group>"; };
		389F8F7F1AD1B7B600DB0C61 /* DCZTableViewWebBrowserTests.m */ = {isa = PBXFileReference; lastKnownFileType = sourcecode.c.objc; path = DCZTableViewWebBrowserTests.m; sourceTree = "<group>"; };
		389F8F891AD1B86A00DB0C61 /* DCZDataModel.h */ = {isa = PBXFileReference; fileEncoding = 4; lastKnownFileType = sourcecode.c.h; path = DCZDataModel.h; sourceTree = "<group>"; };
		389F8F8A1AD1B86A00DB0C61 /* DCZDataModel.m */ = {isa = PBXFileReference; fileEncoding = 4; lastKnownFileType = sourcecode.c.objc; path = DCZDataModel.m; sourceTree = "<group>"; };
		389F8F8C1AD1BAC200DB0C61 /* DCZPageCollection.h */ = {isa = PBXFileReference; fileEncoding = 4; lastKnownFileType = sourcecode.c.h; path = DCZPageCollection.h; sourceTree = "<group>"; };
		389F8F8D1AD1BAC200DB0C61 /* DCZPageCollection.m */ = {isa = PBXFileReference; fileEncoding = 4; lastKnownFileType = sourcecode.c.objc; path = DCZPageCollection.m; sourceTree = "<group>"; };
		389F8F8F1AD1BBCA00DB0C61 /* DCZURLViewController.h */ = {isa = PBXFileReference; fileEncoding = 4; lastKnownFileType = sourcecode.c.h; path = DCZURLViewController.h; sourceTree = "<group>"; };
		389F8F901AD1BBCA00DB0C61 /* DCZURLViewController.m */ = {isa = PBXFileReference; fileEncoding = 4; lastKnownFileType = sourcecode.c.objc; path = DCZURLViewController.m; sourceTree = "<group>"; };
/* End PBXFileReference section */

/* Begin PBXFrameworksBuildPhase section */
		389F8F5D1AD1B7B600DB0C61 /* Frameworks */ = {
			isa = PBXFrameworksBuildPhase;
			buildActionMask = 2147483647;
			files = (
			);
			runOnlyForDeploymentPostprocessing = 0;
		};
		389F8F761AD1B7B600DB0C61 /* Frameworks */ = {
			isa = PBXFrameworksBuildPhase;
			buildActionMask = 2147483647;
			files = (
			);
			runOnlyForDeploymentPostprocessing = 0;
		};
/* End PBXFrameworksBuildPhase section */

/* Begin PBXGroup section */
		389F8F571AD1B7B600DB0C61 = {
			isa = PBXGroup;
			children = (
				389F8F621AD1B7B600DB0C61 /* DCZTableViewWebBrowser */,
				389F8F7C1AD1B7B600DB0C61 /* DCZTableViewWebBrowserTests */,
				389F8F611AD1B7B600DB0C61 /* Products */,
			);
			sourceTree = "<group>";
		};
		389F8F611AD1B7B600DB0C61 /* Products */ = {
			isa = PBXGroup;
			children = (
				389F8F601AD1B7B600DB0C61 /* DCZTableViewWebBrowser.app */,
				389F8F791AD1B7B600DB0C61 /* DCZTableViewWebBrowserTests.xctest */,
			);
			name = Products;
			sourceTree = "<group>";
		};
		389F8F621AD1B7B600DB0C61 /* DCZTableViewWebBrowser */ = {
			isa = PBXGroup;
			children = (
				389F8F671AD1B7B600DB0C61 /* AppDelegate.h */,
				389F8F681AD1B7B600DB0C61 /* AppDelegate.m */,
				389F8F891AD1B86A00DB0C61 /* DCZDataModel.h */,
				389F8F8A1AD1B86A00DB0C61 /* DCZDataModel.m */,
				389F8F8C1AD1BAC200DB0C61 /* DCZPageCollection.h */,
				389F8F8D1AD1BAC200DB0C61 /* DCZPageCollection.m */,
				389F8F6A1AD1B7B600DB0C61 /* DCZTableViewController.h */,
				389F8F6B1AD1B7B600DB0C61 /* DCZTableViewController.m */,
				389F8F8F1AD1BBCA00DB0C61 /* DCZURLViewController.h */,
				389F8F901AD1BBCA00DB0C61 /* DCZURLViewController.m */,
				389F8F6D1AD1B7B600DB0C61 /* Main.storyboard */,
				389F8F701AD1B7B600DB0C61 /* Images.xcassets */,
				389F8F721AD1B7B600DB0C61 /* LaunchScreen.xib */,
				389F8F631AD1B7B600DB0C61 /* Supporting Files */,
			);
			path = DCZTableViewWebBrowser;
			sourceTree = "<group>";
		};
		389F8F631AD1B7B600DB0C61 /* Supporting Files */ = {
			isa = PBXGroup;
			children = (
				389F8F641AD1B7B600DB0C61 /* Info.plist */,
				389F8F651AD1B7B600DB0C61 /* main.m */,
			);
			name = "Supporting Files";
			sourceTree = "<group>";
		};
		389F8F7C1AD1B7B600DB0C61 /* DCZTableViewWebBrowserTests */ = {
			isa = PBXGroup;
			children = (
				389F8F7F1AD1B7B600DB0C61 /* DCZTableViewWebBrowserTests.m */,
				389F8F7D1AD1B7B600DB0C61 /* Supporting Files */,
			);
			path = DCZTableViewWebBrowserTests;
			sourceTree = "<group>";
		};
		389F8F7D1AD1B7B600DB0C61 /* Supporting Files */ = {
			isa = PBXGroup;
			children = (
				389F8F7E1AD1B7B600DB0C61 /* Info.plist */,
			);
			name = "Supporting Files";
			sourceTree = "<group>";
		};
/* End PBXGroup section */

/* Begin PBXNativeTarget section */
		389F8F5F1AD1B7B600DB0C61 /* DCZTableViewWebBrowser */ = {
			isa = PBXNativeTarget;
			buildConfigurationList = 389F8F831AD1B7B600DB0C61 /* Build configuration list for PBXNativeTarget "DCZTableViewWebBrowser" */;
			buildPhases = (
				389F8F5C1AD1B7B600DB0C61 /* Sources */,
				389F8F5D1AD1B7B600DB0C61 /* Frameworks */,
				389F8F5E1AD1B7B600DB0C61 /* Resources */,
			);
			buildRules = (
			);
			dependencies = (
			);
			name = DCZTableViewWebBrowser;
			productName = DCZTableViewWebBrowser;
			productReference = 389F8F601AD1B7B600DB0C61 /* DCZTableViewWebBrowser.app */;
			productType = "com.apple.product-type.application";
		};
		389F8F781AD1B7B600DB0C61 /* DCZTableViewWebBrowserTests */ = {
			isa = PBXNativeTarget;
			buildConfigurationList = 389F8F861AD1B7B600DB0C61 /* Build configuration list for PBXNativeTarget "DCZTableViewWebBrowserTests" */;
			buildPhases = (
				389F8F751AD1B7B600DB0C61 /* Sources */,
				389F8F761AD1B7B600DB0C61 /* Frameworks */,
				389F8F771AD1B7B600DB0C61 /* Resources */,
			);
			buildRules = (
			);
			dependencies = (
				389F8F7B1AD1B7B600DB0C61 /* PBXTargetDependency */,
			);
			name = DCZTableViewWebBrowserTests;
			productName = DCZTableViewWebBrowserTests;
			productReference = 389F8F791AD1B7B600DB0C61 /* DCZTableViewWebBrowserTests.xctest */;
			productType = "com.apple.product-type.bundle.unit-test";
		};
/* End PBXNativeTarget section */

/* Begin PBXProject section */
		389F8F581AD1B7B600DB0C61 /* Project object */ = {
			isa = PBXProject;
			attributes = {
				LastUpgradeCheck = 0620;
				ORGANIZATIONNAME = "Dean Zaslow";
				TargetAttributes = {
					389F8F5F1AD1B7B600DB0C61 = {
						CreatedOnToolsVersion = 6.2;
					};
					389F8F781AD1B7B600DB0C61 = {
						CreatedOnToolsVersion = 6.2;
						TestTargetID = 389F8F5F1AD1B7B600DB0C61;
					};
				};
			};
			buildConfigurationList = 389F8F5B1AD1B7B600DB0C61 /* Build configuration list for PBXProject "DCZTableViewWebBrowser" */;
			compatibilityVersion = "Xcode 3.2";
			developmentRegion = English;
			hasScannedForEncodings = 0;
			knownRegions = (
				en,
				Base,
			);
			mainGroup = 389F8F571AD1B7B600DB0C61;
			productRefGroup = 389F8F611AD1B7B600DB0C61 /* Products */;
			projectDirPath = "";
			projectRoot = "";
			targets = (
				389F8F5F1AD1B7B600DB0C61 /* DCZTableViewWebBrowser */,
				389F8F781AD1B7B600DB0C61 /* DCZTableViewWebBrowserTests */,
			);
		};
/* End PBXProject section */

/* Begin PBXResourcesBuildPhase section */
		389F8F5E1AD1B7B600DB0C61 /* Resources */ = {
			isa = PBXResourcesBuildPhase;
			buildActionMask = 2147483647;
			files = (
				389F8F6F1AD1B7B600DB0C61 /* Main.storyboard in Resources */,
				389F8F741AD1B7B600DB0C61 /* LaunchScreen.xib in Resources */,
				389F8F711AD1B7B600DB0C61 /* Images.xcassets in Resources */,
			);
			runOnlyForDeploymentPostprocessing = 0;
		};
		389F8F771AD1B7B600DB0C61 /* Resources */ = {
			isa = PBXResourcesBuildPhase;
			buildActionMask = 2147483647;
			files = (
			);
			runOnlyForDeploymentPostprocessing = 0;
		};
/* End PBXResourcesBuildPhase section */

/* Begin PBXSourcesBuildPhase section */
		389F8F5C1AD1B7B600DB0C61 /* Sources */ = {
			isa = PBXSourcesBuildPhase;
			buildActionMask = 2147483647;
			files = (
				389F8F6C1AD1B7B600DB0C61 /* DCZTableViewController.m in Sources */,
				389F8F8B1AD1B86A00DB0C61 /* DCZDataModel.m in Sources */,
				389F8F8E1AD1BAC200DB0C61 /* DCZPageCollection.m in Sources */,
				389F8F691AD1B7B600DB0C61 /* AppDelegate.m in Sources */,
				389F8F911AD1BBCA00DB0C61 /* DCZURLViewController.m in Sources */,
				389F8F661AD1B7B600DB0C61 /* main.m in Sources */,
			);
			runOnlyForDeploymentPostprocessing = 0;
		};
		389F8F751AD1B7B600DB0C61 /* Sources */ = {
			isa = PBXSourcesBuildPhase;
			buildActionMask = 2147483647;
			files = (
				389F8F801AD1B7B600DB0C61 /* DCZTableViewWebBrowserTests.m in Sources */,
			);
			runOnlyForDeploymentPostprocessing = 0;
		};
/* End PBXSourcesBuildPhase section */

/* Begin PBXTargetDependency section */
		389F8F7B1AD1B7B600DB0C61 /* PBXTargetDependency */ = {
			isa = PBXTargetDependency;
			target = 389F8F5F1AD1B7B600DB0C61 /* DCZTableViewWebBrowser */;
			targetProxy = 389F8F7A1AD1B7B600DB0C61 /* PBXContainerItemProxy */;
		};
/* End PBXTargetDependency section */

/* Begin PBXVariantGroup section */
		389F8F6D1AD1B7B600DB0C61 /* Main.storyboard */ = {
			isa = PBXVariantGroup;
			children = (
				389F8F6E1AD1B7B600DB0C61 /* Base */,
			);
			name = Main.storyboard;
			sourceTree = "<group>";
		};
		389F8F721AD1B7B600DB0C61 /* LaunchScreen.xib */ = {
			isa = PBXVariantGroup;
			children = (
				389F8F731AD1B7B600DB0C61 /* Base */,
			);
			name = LaunchScreen.xib;
			sourceTree = "<group>";
		};
/* End PBXVariantGroup section */

/* Begin XCBuildConfiguration section */
		389F8F811AD1B7B600DB0C61 /* Debug */ = {
			isa = XCBuildConfiguration;
			buildSettings = {
				ALWAYS_SEARCH_USER_PATHS = NO;
				CLANG_CXX_LANGUAGE_STANDARD = "gnu++0x";
				CLANG_CXX_LIBRARY = "libc++";
				CLANG_ENABLE_MODULES = YES;
				CLANG_ENABLE_OBJC_ARC = YES;
				CLANG_WARN_BOOL_CONVERSION = YES;
				CLANG_WARN_CONSTANT_CONVERSION = YES;
				CLANG_WARN_DIRECT_OBJC_ISA_USAGE = YES_ERROR;
				CLANG_WARN_EMPTY_BODY = YES;
				CLANG_WARN_ENUM_CONVERSION = YES;
				CLANG_WARN_INT_CONVERSION = YES;
				CLANG_WARN_OBJC_ROOT_CLASS = YES_ERROR;
				CLANG_WARN_UNREACHABLE_CODE = YES;
				CLANG_WARN__DUPLICATE_METHOD_MATCH = YES;
				"CODE_SIGN_IDENTITY[sdk=iphoneos*]" = "iPhone Developer";
				COPY_PHASE_STRIP = NO;
				ENABLE_STRICT_OBJC_MSGSEND = YES;
				GCC_C_LANGUAGE_STANDARD = gnu99;
				GCC_DYNAMIC_NO_PIC = NO;
				GCC_OPTIMIZATION_LEVEL = 0;
				GCC_PREPROCESSOR_DEFINITIONS = (
					"DEBUG=1",
					"$(inherited)",
				);
				GCC_SYMBOLS_PRIVATE_EXTERN = NO;
				GCC_WARN_64_TO_32_BIT_CONVERSION = YES;
				GCC_WARN_ABOUT_RETURN_TYPE = YES_ERROR;
				GCC_WARN_UNDECLARED_SELECTOR = YES;
				GCC_WARN_UNINITIALIZED_AUTOS = YES_AGGRESSIVE;
				GCC_WARN_UNUSED_FUNCTION = YES;
				GCC_WARN_UNUSED_VARIABLE = YES;
				IPHONEOS_DEPLOYMENT_TARGET = 8.2;
				MTL_ENABLE_DEBUG_INFO = YES;
				ONLY_ACTIVE_ARCH = YES;
				SDKROOT = iphoneos;
			};
			name = Debug;
		};
		389F8F821AD1B7B600DB0C61 /* Release */ = {
			isa = XCBuildConfiguration;
			buildSettings = {
				ALWAYS_SEARCH_USER_PATHS = NO;
				CLANG_CXX_LANGUAGE_STANDARD = "gnu++0x";
				CLANG_CXX_LIBRARY = "libc++";
				CLANG_ENABLE_MODULES = YES;
				CLANG_ENABLE_OBJC_ARC = YES;
				CLANG_WARN_BOOL_CONVERSION = YES;
				CLANG_WARN_CONSTANT_CONVERSION = YES;
				CLANG_WARN_DIRECT_OBJC_ISA_USAGE = YES_ERROR;
				CLANG_WARN_EMPTY_BODY = YES;
				CLANG_WARN_ENUM_CONVERSION = YES;
				CLANG_WARN_INT_CONVERSION = YES;
				CLANG_WARN_OBJC_ROOT_CLASS = YES_ERROR;
				CLANG_WARN_UNREACHABLE_CODE = YES;
				CLANG_WARN__DUPLICATE_METHOD_MATCH = YES;
				"CODE_SIGN_IDENTITY[sdk=iphoneos*]" = "iPhone Developer";
				COPY_PHASE_STRIP = NO;
				ENABLE_NS_ASSERTIONS = NO;
				ENABLE_STRICT_OBJC_MSGSEND = YES;
				GCC_C_LANGUAGE_STANDARD = gnu99;
				GCC_WARN_64_TO_32_BIT_CONVERSION = YES;
				GCC_WARN_ABOUT_RETURN_TYPE = YES_ERROR;
				GCC_WARN_UNDECLARED_SELECTOR = YES;
				GCC_WARN_UNINITIALIZED_AUTOS = YES_AGGRESSIVE;
				GCC_WARN_UNUSED_FUNCTION = YES;
				GCC_WARN_UNUSED_VARIABLE = YES;
				IPHONEOS_DEPLOYMENT_TARGET = 8.2;
				MTL_ENABLE_DEBUG_INFO = NO;
				SDKROOT = iphoneos;
				VALIDATE_PRODUCT = YES;
			};
			name = Release;
		};
		389F8F841AD1B7B600DB0C61 /* Debug */ = {
			isa = XCBuildConfiguration;
			buildSettings = {
				ASSETCATALOG_COMPILER_APPICON_NAME = AppIcon;
				INFOPLIST_FILE = DCZTableViewWebBrowser/Info.plist;
				LD_RUNPATH_SEARCH_PATHS = "$(inherited) @executable_path/Frameworks";
				PRODUCT_NAME = "$(TARGET_NAME)";
			};
			name = Debug;
		};
		389F8F851AD1B7B600DB0C61 /* Release */ = {
			isa = XCBuildConfiguration;
			buildSettings = {
				ASSETCATALOG_COMPILER_APPICON_NAME = AppIcon;
				INFOPLIST_FILE = DCZTableViewWebBrowser/Info.plist;
				LD_RUNPATH_SEARCH_PATHS = "$(inherited) @executable_path/Frameworks";
				PRODUCT_NAME = "$(TARGET_NAME)";
			};
			name = Release;
		};
		389F8F871AD1B7B600DB0C61 /* Debug */ = {
			isa = XCBuildConfiguration;
			buildSettings = {
				BUNDLE_LOADER = "$(TEST_HOST)";
				FRAMEWORK_SEARCH_PATHS = (
					"$(SDKROOT)/Developer/Library/Frameworks",
					"$(inherited)",
				);
				GCC_PREPROCESSOR_DEFINITIONS = (
					"DEBUG=1",
					"$(inherited)",
				);
				INFOPLIST_FILE = DCZTableViewWebBrowserTests/Info.plist;
				LD_RUNPATH_SEARCH_PATHS = "$(inherited) @executable_path/Frameworks @loader_path/Frameworks";
				PRODUCT_NAME = "$(TARGET_NAME)";
				TEST_HOST = "$(BUILT_PRODUCTS_DIR)/DCZTableViewWebBrowser.app/DCZTableViewWebBrowser";
			};
			name = Debug;
		};
		389F8F881AD1B7B600DB0C61 /* Release */ = {
			isa = XCBuildConfiguration;
			buildSettings = {
				BUNDLE_LOADER = "$(TEST_HOST)";
				FRAMEWORK_SEARCH_PATHS = (
					"$(SDKROOT)/Developer/Library/Frameworks",
					"$(inherited)",
				);
				INFOPLIST_FILE = DCZTableViewWebBrowserTests/Info.plist;
				LD_RUNPATH_SEARCH_PATHS = "$(inherited) @executable_path/Frameworks @loader_path/Frameworks";
				PRODUCT_NAME = "$(TARGET_NAME)";
				TEST_HOST = "$(BUILT_PRODUCTS_DIR)/DCZTableViewWebBrowser.app/DCZTableViewWebBrowser";
			};
			name = Release;
		};
/* End XCBuildConfiguration section */

/* Begin XCConfigurationList section */
		389F8F5B1AD1B7B600DB0C61 /* Build configuration list for PBXProject "DCZTableViewWebBrowser" */ = {
			isa = XCConfigurationList;
			buildConfigurations = (
				389F8F811AD1B7B600DB0C61 /* Debug */,
				389F8F821AD1B7B600DB0C61 /* Release */,
			);
			defaultConfigurationIsVisible = 0;
			defaultConfigurationName = Release;
		};
		389F8F831AD1B7B600DB0C61 /* Build configuration list for PBXNativeTarget "DCZTableViewWebBrowser" */ = {
			isa = XCConfigurationList;
			buildConfigurations = (
				389F8F841AD1B7B600DB0C61 /* Debug */,
				389F8F851AD1B7B600DB0C61 /* Release */,
			);
			defaultConfigurationIsVisible = 0;
		};
		389F8F861AD1B7B600DB0C61 /* Build configuration list for PBXNativeTarget "DCZTableViewWebBrowserTests" */ = {
			isa = XCConfigurationList;
			buildConfigurations = (
				389F8F871AD1B7B600DB0C61 /* Debug */,
				389F8F881AD1B7B600DB0C61 /* Release */,
			);
			defaultConfigurationIsVisible = 0;
		};
/* End XCConfigurationList section */
	};
	rootObject = 389F8F581AD1B7B600DB0C61 /* Project object */;
}
